// !$*UTF8*$!
{
	archiveVersion = 1;
	classes = {
	};
	objectVersion = 51;
	objects = {

/* Begin PBXBuildFile section */
		13A83693F3CF1BB1AA2F279B /* Pods_Parstagram_ParstagramUITests.framework in Frameworks */ = {isa = PBXBuildFile; fileRef = 294074894C9EA685E4D0A22E /* Pods_Parstagram_ParstagramUITests.framework */; };
		7DCD0C7A39146B366218667B /* Pods_ParstagramTests.framework in Frameworks */ = {isa = PBXBuildFile; fileRef = 78649DACD95F82225F813765 /* Pods_ParstagramTests.framework */; };
		D6A97C3325FBF2B200875C61 /* AppDelegate.swift in Sources */ = {isa = PBXBuildFile; fileRef = D6A97C3225FBF2B200875C61 /* AppDelegate.swift */; };
		D6A97C3525FBF2B200875C61 /* SceneDelegate.swift in Sources */ = {isa = PBXBuildFile; fileRef = D6A97C3425FBF2B200875C61 /* SceneDelegate.swift */; };
		D6A97C3A25FBF2B200875C61 /* Main.storyboard in Resources */ = {isa = PBXBuildFile; fileRef = D6A97C3825FBF2B200875C61 /* Main.storyboard */; };
		D6A97C3C25FBF2B400875C61 /* Assets.xcassets in Resources */ = {isa = PBXBuildFile; fileRef = D6A97C3B25FBF2B400875C61 /* Assets.xcassets */; };
		D6A97C3F25FBF2B400875C61 /* LaunchScreen.storyboard in Resources */ = {isa = PBXBuildFile; fileRef = D6A97C3D25FBF2B400875C61 /* LaunchScreen.storyboard */; };
		D6A97C4A25FBF2B400875C61 /* ParstagramTests.swift in Sources */ = {isa = PBXBuildFile; fileRef = D6A97C4925FBF2B400875C61 /* ParstagramTests.swift */; };
		D6A97C5525FBF2B400875C61 /* ParstagramUITests.swift in Sources */ = {isa = PBXBuildFile; fileRef = D6A97C5425FBF2B400875C61 /* ParstagramUITests.swift */; };
		D6A97C7525FC4AB300875C61 /* LoginViewController.swift in Sources */ = {isa = PBXBuildFile; fileRef = D6A97C7425FC4AB300875C61 /* LoginViewController.swift */; };
		D6A97C7A25FC4ACD00875C61 /* FeedViewController.swift in Sources */ = {isa = PBXBuildFile; fileRef = D6A97C7925FC4ACD00875C61 /* FeedViewController.swift */; };
		D6A97C7F25FC53D900875C61 /* CameraViewController.swift in Sources */ = {isa = PBXBuildFile; fileRef = D6A97C7E25FC53D900875C61 /* CameraViewController.swift */; };
		D6A97C9825FC5F2700875C61 /* PostCell.swift in Sources */ = {isa = PBXBuildFile; fileRef = D6A97C9725FC5F2700875C61 /* PostCell.swift */; };
		D6BD792826056CA30038E548 /* CommentCell.swift in Sources */ = {isa = PBXBuildFile; fileRef = D6BD792726056CA30038E548 /* CommentCell.swift */; };
		EDA213A9E8F7017A7612421B /* Pods_Parstagram.framework in Frameworks */ = {isa = PBXBuildFile; fileRef = 6CF5CBFE54DEC1C469B77548 /* Pods_Parstagram.framework */; };
/* End PBXBuildFile section */

/* Begin PBXContainerItemProxy section */
		D6A97C4625FBF2B400875C61 /* PBXContainerItemProxy */ = {
			isa = PBXContainerItemProxy;
			containerPortal = D6A97C2725FBF2B200875C61 /* Project object */;
			proxyType = 1;
			remoteGlobalIDString = D6A97C2E25FBF2B200875C61;
			remoteInfo = Parstagram;
		};
		D6A97C5125FBF2B400875C61 /* PBXContainerItemProxy */ = {
			isa = PBXContainerItemProxy;
			containerPortal = D6A97C2725FBF2B200875C61 /* Project object */;
			proxyType = 1;
			remoteGlobalIDString = D6A97C2E25FBF2B200875C61;
			remoteInfo = Parstagram;
		};
/* End PBXContainerItemProxy section */

/* Begin PBXFileReference section */
		294074894C9EA685E4D0A22E /* Pods_Parstagram_ParstagramUITests.framework */ = {isa = PBXFileReference; explicitFileType = wrapper.framework; includeInIndex = 0; path = Pods_Parstagram_ParstagramUITests.framework; sourceTree = BUILT_PRODUCTS_DIR; };
		3438C8B42CE425A2207BFD6B /* Pods-Parstagram.debug.xcconfig */ = {isa = PBXFileReference; includeInIndex = 1; lastKnownFileType = text.xcconfig; name = "Pods-Parstagram.debug.xcconfig"; path = "Target Support Files/Pods-Parstagram/Pods-Parstagram.debug.xcconfig"; sourceTree = "<group>"; };
		4AD37B60947203020986B746 /* Pods-Parstagram-ParstagramUITests.debug.xcconfig */ = {isa = PBXFileReference; includeInIndex = 1; lastKnownFileType = text.xcconfig; name = "Pods-Parstagram-ParstagramUITests.debug.xcconfig"; path = "Target Support Files/Pods-Parstagram-ParstagramUITests/Pods-Parstagram-ParstagramUITests.debug.xcconfig"; sourceTree = "<group>"; };
		5E9DDC8715EAE5E7B0587CF2 /* Pods-ParstagramTests.debug.xcconfig */ = {isa = PBXFileReference; includeInIndex = 1; lastKnownFileType = text.xcconfig; name = "Pods-ParstagramTests.debug.xcconfig"; path = "Target Support Files/Pods-ParstagramTests/Pods-ParstagramTests.debug.xcconfig"; sourceTree = "<group>"; };
		6CF5CBFE54DEC1C469B77548 /* Pods_Parstagram.framework */ = {isa = PBXFileReference; explicitFileType = wrapper.framework; includeInIndex = 0; path = Pods_Parstagram.framework; sourceTree = BUILT_PRODUCTS_DIR; };
		744833202E6B5F26AFADBD69 /* Pods-Parstagram-ParstagramUITests.release.xcconfig */ = {isa = PBXFileReference; includeInIndex = 1; lastKnownFileType = text.xcconfig; name = "Pods-Parstagram-ParstagramUITests.release.xcconfig"; path = "Target Support Files/Pods-Parstagram-ParstagramUITests/Pods-Parstagram-ParstagramUITests.release.xcconfig"; sourceTree = "<group>"; };
		78649DACD95F82225F813765 /* Pods_ParstagramTests.framework */ = {isa = PBXFileReference; explicitFileType = wrapper.framework; includeInIndex = 0; path = Pods_ParstagramTests.framework; sourceTree = BUILT_PRODUCTS_DIR; };
		A666A49651C53C96588596FE /* Pods-ParstagramTests.release.xcconfig */ = {isa = PBXFileReference; includeInIndex = 1; lastKnownFileType = text.xcconfig; name = "Pods-ParstagramTests.release.xcconfig"; path = "Target Support Files/Pods-ParstagramTests/Pods-ParstagramTests.release.xcconfig"; sourceTree = "<group>"; };
		D6A97C2F25FBF2B200875C61 /* Parstagram.app */ = {isa = PBXFileReference; explicitFileType = wrapper.application; includeInIndex = 0; path = Parstagram.app; sourceTree = BUILT_PRODUCTS_DIR; };
		D6A97C3225FBF2B200875C61 /* AppDelegate.swift */ = {isa = PBXFileReference; lastKnownFileType = sourcecode.swift; path = AppDelegate.swift; sourceTree = "<group>"; };
		D6A97C3425FBF2B200875C61 /* SceneDelegate.swift */ = {isa = PBXFileReference; lastKnownFileType = sourcecode.swift; path = SceneDelegate.swift; sourceTree = "<group>"; };
		D6A97C3925FBF2B200875C61 /* Base */ = {isa = PBXFileReference; lastKnownFileType = file.storyboard; name = Base; path = Base.lproj/Main.storyboard; sourceTree = "<group>"; };
		D6A97C3B25FBF2B400875C61 /* Assets.xcassets */ = {isa = PBXFileReference; lastKnownFileType = folder.assetcatalog; path = Assets.xcassets; sourceTree = "<group>"; };
		D6A97C3E25FBF2B400875C61 /* Base */ = {isa = PBXFileReference; lastKnownFileType = file.storyboard; name = Base; path = Base.lproj/LaunchScreen.storyboard; sourceTree = "<group>"; };
		D6A97C4025FBF2B400875C61 /* Info.plist */ = {isa = PBXFileReference; lastKnownFileType = text.plist.xml; path = Info.plist; sourceTree = "<group>"; };
		D6A97C4525FBF2B400875C61 /* ParstagramTests.xctest */ = {isa = PBXFileReference; explicitFileType = wrapper.cfbundle; includeInIndex = 0; path = ParstagramTests.xctest; sourceTree = BUILT_PRODUCTS_DIR; };
		D6A97C4925FBF2B400875C61 /* ParstagramTests.swift */ = {isa = PBXFileReference; lastKnownFileType = sourcecode.swift; path = ParstagramTests.swift; sourceTree = "<group>"; };
		D6A97C4B25FBF2B400875C61 /* Info.plist */ = {isa = PBXFileReference; lastKnownFileType = text.plist.xml; path = Info.plist; sourceTree = "<group>"; };
		D6A97C5025FBF2B400875C61 /* ParstagramUITests.xctest */ = {isa = PBXFileReference; explicitFileType = wrapper.cfbundle; includeInIndex = 0; path = ParstagramUITests.xctest; sourceTree = BUILT_PRODUCTS_DIR; };
		D6A97C5425FBF2B400875C61 /* ParstagramUITests.swift */ = {isa = PBXFileReference; lastKnownFileType = sourcecode.swift; path = ParstagramUITests.swift; sourceTree = "<group>"; };
		D6A97C5625FBF2B400875C61 /* Info.plist */ = {isa = PBXFileReference; lastKnownFileType = text.plist.xml; path = Info.plist; sourceTree = "<group>"; };
		D6A97C7425FC4AB300875C61 /* LoginViewController.swift */ = {isa = PBXFileReference; lastKnownFileType = sourcecode.swift; path = LoginViewController.swift; sourceTree = "<group>"; };
		D6A97C7925FC4ACD00875C61 /* FeedViewController.swift */ = {isa = PBXFileReference; lastKnownFileType = sourcecode.swift; path = FeedViewController.swift; sourceTree = "<group>"; };
		D6A97C7E25FC53D900875C61 /* CameraViewController.swift */ = {isa = PBXFileReference; lastKnownFileType = sourcecode.swift; path = CameraViewController.swift; sourceTree = "<group>"; };
		D6A97C9725FC5F2700875C61 /* PostCell.swift */ = {isa = PBXFileReference; lastKnownFileType = sourcecode.swift; path = PostCell.swift; sourceTree = "<group>"; };
		D6BD792726056CA30038E548 /* CommentCell.swift */ = {isa = PBXFileReference; lastKnownFileType = sourcecode.swift; path = CommentCell.swift; sourceTree = "<group>"; };
		E5BF1241209E9EACDB308EC3 /* Pods-Parstagram.release.xcconfig */ = {isa = PBXFileReference; includeInIndex = 1; lastKnownFileType = text.xcconfig; name = "Pods-Parstagram.release.xcconfig"; path = "Target Support Files/Pods-Parstagram/Pods-Parstagram.release.xcconfig"; sourceTree = "<group>"; };
/* End PBXFileReference section */

/* Begin PBXFrameworksBuildPhase section */
		D6A97C2C25FBF2B200875C61 /* Frameworks */ = {
			isa = PBXFrameworksBuildPhase;
			buildActionMask = 2147483647;
			files = (
				EDA213A9E8F7017A7612421B /* Pods_Parstagram.framework in Frameworks */,
			);
			runOnlyForDeploymentPostprocessing = 0;
		};
		D6A97C4225FBF2B400875C61 /* Frameworks */ = {
			isa = PBXFrameworksBuildPhase;
			buildActionMask = 2147483647;
			files = (
				7DCD0C7A39146B366218667B /* Pods_ParstagramTests.framework in Frameworks */,
			);
			runOnlyForDeploymentPostprocessing = 0;
		};
		D6A97C4D25FBF2B400875C61 /* Frameworks */ = {
			isa = PBXFrameworksBuildPhase;
			buildActionMask = 2147483647;
			files = (
				13A83693F3CF1BB1AA2F279B /* Pods_Parstagram_ParstagramUITests.framework in Frameworks */,
			);
			runOnlyForDeploymentPostprocessing = 0;
		};
/* End PBXFrameworksBuildPhase section */

/* Begin PBXGroup section */
		A1A7A8AAB700A578C7583AF4 /* Frameworks */ = {
			isa = PBXGroup;
			children = (
				6CF5CBFE54DEC1C469B77548 /* Pods_Parstagram.framework */,
				294074894C9EA685E4D0A22E /* Pods_Parstagram_ParstagramUITests.framework */,
				78649DACD95F82225F813765 /* Pods_ParstagramTests.framework */,
			);
			name = Frameworks;
			sourceTree = "<group>";
		};
		D6A97C2625FBF2B200875C61 = {
			isa = PBXGroup;
			children = (
				D6A97C3125FBF2B200875C61 /* Parstagram */,
				D6A97C4825FBF2B400875C61 /* ParstagramTests */,
				D6A97C5325FBF2B400875C61 /* ParstagramUITests */,
				D6A97C3025FBF2B200875C61 /* Products */,
				F506D8665594BF6C4085FB62 /* Pods */,
				A1A7A8AAB700A578C7583AF4 /* Frameworks */,
			);
			sourceTree = "<group>";
		};
		D6A97C3025FBF2B200875C61 /* Products */ = {
			isa = PBXGroup;
			children = (
				D6A97C2F25FBF2B200875C61 /* Parstagram.app */,
				D6A97C4525FBF2B400875C61 /* ParstagramTests.xctest */,
				D6A97C5025FBF2B400875C61 /* ParstagramUITests.xctest */,
			);
			name = Products;
			sourceTree = "<group>";
		};
		D6A97C3125FBF2B200875C61 /* Parstagram */ = {
			isa = PBXGroup;
			children = (
				D6A97C3225FBF2B200875C61 /* AppDelegate.swift */,
				D6A97C3425FBF2B200875C61 /* SceneDelegate.swift */,
				D6A97C3825FBF2B200875C61 /* Main.storyboard */,
				D6A97C9725FC5F2700875C61 /* PostCell.swift */,
				D6A97C7E25FC53D900875C61 /* CameraViewController.swift */,
				D6A97C7425FC4AB300875C61 /* LoginViewController.swift */,
				D6A97C7925FC4ACD00875C61 /* FeedViewController.swift */,
				D6A97C3B25FBF2B400875C61 /* Assets.xcassets */,
				D6A97C3D25FBF2B400875C61 /* LaunchScreen.storyboard */,
				D6A97C4025FBF2B400875C61 /* Info.plist */,
				D6BD792726056CA30038E548 /* CommentCell.swift */,
			);
			path = Parstagram;
			sourceTree = "<group>";
		};
		D6A97C4825FBF2B400875C61 /* ParstagramTests */ = {
			isa = PBXGroup;
			children = (
				D6A97C4925FBF2B400875C61 /* ParstagramTests.swift */,
				D6A97C4B25FBF2B400875C61 /* Info.plist */,
			);
			path = ParstagramTests;
			sourceTree = "<group>";
		};
		D6A97C5325FBF2B400875C61 /* ParstagramUITests */ = {
			isa = PBXGroup;
			children = (
				D6A97C5425FBF2B400875C61 /* ParstagramUITests.swift */,
				D6A97C5625FBF2B400875C61 /* Info.plist */,
			);
			path = ParstagramUITests;
			sourceTree = "<group>";
		};
		F506D8665594BF6C4085FB62 /* Pods */ = {
			isa = PBXGroup;
			children = (
				3438C8B42CE425A2207BFD6B /* Pods-Parstagram.debug.xcconfig */,
				E5BF1241209E9EACDB308EC3 /* Pods-Parstagram.release.xcconfig */,
				4AD37B60947203020986B746 /* Pods-Parstagram-ParstagramUITests.debug.xcconfig */,
				744833202E6B5F26AFADBD69 /* Pods-Parstagram-ParstagramUITests.release.xcconfig */,
				5E9DDC8715EAE5E7B0587CF2 /* Pods-ParstagramTests.debug.xcconfig */,
				A666A49651C53C96588596FE /* Pods-ParstagramTests.release.xcconfig */,
			);
			path = Pods;
			sourceTree = "<group>";
		};
/* End PBXGroup section */

/* Begin PBXNativeTarget section */
		D6A97C2E25FBF2B200875C61 /* Parstagram */ = {
			isa = PBXNativeTarget;
			buildConfigurationList = D6A97C5925FBF2B400875C61 /* Build configuration list for PBXNativeTarget "Parstagram" */;
			buildPhases = (
				4B109C0D53E87C3B40C7AC51 /* [CP] Check Pods Manifest.lock */,
				D6A97C2B25FBF2B200875C61 /* Sources */,
				D6A97C2C25FBF2B200875C61 /* Frameworks */,
				D6A97C2D25FBF2B200875C61 /* Resources */,
				B883350FFB07A9370D497D97 /* [CP] Embed Pods Frameworks */,
			);
			buildRules = (
			);
			dependencies = (
			);
			name = Parstagram;
			productName = Parstagram;
			productReference = D6A97C2F25FBF2B200875C61 /* Parstagram.app */;
			productType = "com.apple.product-type.application";
		};
		D6A97C4425FBF2B400875C61 /* ParstagramTests */ = {
			isa = PBXNativeTarget;
			buildConfigurationList = D6A97C5C25FBF2B400875C61 /* Build configuration list for PBXNativeTarget "ParstagramTests" */;
			buildPhases = (
				1E7AF513465F15227A8C0209 /* [CP] Check Pods Manifest.lock */,
				D6A97C4125FBF2B400875C61 /* Sources */,
				D6A97C4225FBF2B400875C61 /* Frameworks */,
				D6A97C4325FBF2B400875C61 /* Resources */,
			);
			buildRules = (
			);
			dependencies = (
				D6A97C4725FBF2B400875C61 /* PBXTargetDependency */,
			);
			name = ParstagramTests;
			productName = ParstagramTests;
			productReference = D6A97C4525FBF2B400875C61 /* ParstagramTests.xctest */;
			productType = "com.apple.product-type.bundle.unit-test";
		};
		D6A97C4F25FBF2B400875C61 /* ParstagramUITests */ = {
			isa = PBXNativeTarget;
			buildConfigurationList = D6A97C5F25FBF2B400875C61 /* Build configuration list for PBXNativeTarget "ParstagramUITests" */;
			buildPhases = (
				B1BDB23C4D1F372FA8818C3B /* [CP] Check Pods Manifest.lock */,
				D6A97C4C25FBF2B400875C61 /* Sources */,
				D6A97C4D25FBF2B400875C61 /* Frameworks */,
				D6A97C4E25FBF2B400875C61 /* Resources */,
				A57A7B47CE6942743BDB12E5 /* [CP] Embed Pods Frameworks */,
			);
			buildRules = (
			);
			dependencies = (
				D6A97C5225FBF2B400875C61 /* PBXTargetDependency */,
			);
			name = ParstagramUITests;
			productName = ParstagramUITests;
			productReference = D6A97C5025FBF2B400875C61 /* ParstagramUITests.xctest */;
			productType = "com.apple.product-type.bundle.ui-testing";
		};
/* End PBXNativeTarget section */

/* Begin PBXProject section */
		D6A97C2725FBF2B200875C61 /* Project object */ = {
			isa = PBXProject;
			attributes = {
				LastSwiftUpdateCheck = 1230;
				LastUpgradeCheck = 1230;
				TargetAttributes = {
					D6A97C2E25FBF2B200875C61 = {
						CreatedOnToolsVersion = 12.3;
					};
					D6A97C4425FBF2B400875C61 = {
						CreatedOnToolsVersion = 12.3;
						TestTargetID = D6A97C2E25FBF2B200875C61;
					};
					D6A97C4F25FBF2B400875C61 = {
						CreatedOnToolsVersion = 12.3;
						TestTargetID = D6A97C2E25FBF2B200875C61;
					};
				};
			};
			buildConfigurationList = D6A97C2A25FBF2B200875C61 /* Build configuration list for PBXProject "Parstagram" */;
			compatibilityVersion = "Xcode 9.3";
			developmentRegion = en;
			hasScannedForEncodings = 0;
			knownRegions = (
				en,
				Base,
			);
			mainGroup = D6A97C2625FBF2B200875C61;
			productRefGroup = D6A97C3025FBF2B200875C61 /* Products */;
			projectDirPath = "";
			projectRoot = "";
			targets = (
				D6A97C2E25FBF2B200875C61 /* Parstagram */,
				D6A97C4425FBF2B400875C61 /* ParstagramTests */,
				D6A97C4F25FBF2B400875C61 /* ParstagramUITests */,
			);
		};
/* End PBXProject section */

/* Begin PBXResourcesBuildPhase section */
		D6A97C2D25FBF2B200875C61 /* Resources */ = {
			isa = PBXResourcesBuildPhase;
			buildActionMask = 2147483647;
			files = (
				D6A97C3F25FBF2B400875C61 /* LaunchScreen.storyboard in Resources */,
				D6A97C3C25FBF2B400875C61 /* Assets.xcassets in Resources */,
				D6A97C3A25FBF2B200875C61 /* Main.storyboard in Resources */,
			);
			runOnlyForDeploymentPostprocessing = 0;
		};
		D6A97C4325FBF2B400875C61 /* Resources */ = {
			isa = PBXResourcesBuildPhase;
			buildActionMask = 2147483647;
			files = (
			);
			runOnlyForDeploymentPostprocessing = 0;
		};
		D6A97C4E25FBF2B400875C61 /* Resources */ = {
			isa = PBXResourcesBuildPhase;
			buildActionMask = 2147483647;
			files = (
			);
			runOnlyForDeploymentPostprocessing = 0;
		};
/* End PBXResourcesBuildPhase section */

/* Begin PBXShellScriptBuildPhase section */
		1E7AF513465F15227A8C0209 /* [CP] Check Pods Manifest.lock */ = {
			isa = PBXShellScriptBuildPhase;
			buildActionMask = 2147483647;
			files = (
			);
			inputFileListPaths = (
			);
			inputPaths = (
				"${PODS_PODFILE_DIR_PATH}/Podfile.lock",
				"${PODS_ROOT}/Manifest.lock",
			);
			name = "[CP] Check Pods Manifest.lock";
			outputFileListPaths = (
			);
			outputPaths = (
				"$(DERIVED_FILE_DIR)/Pods-ParstagramTests-checkManifestLockResult.txt",
			);
			runOnlyForDeploymentPostprocessing = 0;
			shellPath = /bin/sh;
			shellScript = "diff \"${PODS_PODFILE_DIR_PATH}/Podfile.lock\" \"${PODS_ROOT}/Manifest.lock\" > /dev/null\nif [ $? != 0 ] ; then\n    # print error to STDERR\n    echo \"error: The sandbox is not in sync with the Podfile.lock. Run 'pod install' or update your CocoaPods installation.\" >&2\n    exit 1\nfi\n# This output is used by Xcode 'outputs' to avoid re-running this script phase.\necho \"SUCCESS\" > \"${SCRIPT_OUTPUT_FILE_0}\"\n";
			showEnvVarsInLog = 0;
		};
		4B109C0D53E87C3B40C7AC51 /* [CP] Check Pods Manifest.lock */ = {
			isa = PBXShellScriptBuildPhase;
			buildActionMask = 2147483647;
			files = (
			);
			inputFileListPaths = (
			);
			inputPaths = (
				"${PODS_PODFILE_DIR_PATH}/Podfile.lock",
				"${PODS_ROOT}/Manifest.lock",
			);
			name = "[CP] Check Pods Manifest.lock";
			outputFileListPaths = (
			);
			outputPaths = (
				"$(DERIVED_FILE_DIR)/Pods-Parstagram-checkManifestLockResult.txt",
			);
			runOnlyForDeploymentPostprocessing = 0;
			shellPath = /bin/sh;
			shellScript = "diff \"${PODS_PODFILE_DIR_PATH}/Podfile.lock\" \"${PODS_ROOT}/Manifest.lock\" > /dev/null\nif [ $? != 0 ] ; then\n    # print error to STDERR\n    echo \"error: The sandbox is not in sync with the Podfile.lock. Run 'pod install' or update your CocoaPods installation.\" >&2\n    exit 1\nfi\n# This output is used by Xcode 'outputs' to avoid re-running this script phase.\necho \"SUCCESS\" > \"${SCRIPT_OUTPUT_FILE_0}\"\n";
			showEnvVarsInLog = 0;
		};
		A57A7B47CE6942743BDB12E5 /* [CP] Embed Pods Frameworks */ = {
			isa = PBXShellScriptBuildPhase;
			buildActionMask = 2147483647;
			files = (
			);
			inputFileListPaths = (
				"${PODS_ROOT}/Target Support Files/Pods-Parstagram-ParstagramUITests/Pods-Parstagram-ParstagramUITests-frameworks-${CONFIGURATION}-input-files.xcfilelist",
			);
			name = "[CP] Embed Pods Frameworks";
			outputFileListPaths = (
				"${PODS_ROOT}/Target Support Files/Pods-Parstagram-ParstagramUITests/Pods-Parstagram-ParstagramUITests-frameworks-${CONFIGURATION}-output-files.xcfilelist",
			);
			runOnlyForDeploymentPostprocessing = 0;
			shellPath = /bin/sh;
			shellScript = "\"${PODS_ROOT}/Target Support Files/Pods-Parstagram-ParstagramUITests/Pods-Parstagram-ParstagramUITests-frameworks.sh\"\n";
			showEnvVarsInLog = 0;
		};
		B1BDB23C4D1F372FA8818C3B /* [CP] Check Pods Manifest.lock */ = {
			isa = PBXShellScriptBuildPhase;
			buildActionMask = 2147483647;
			files = (
			);
			inputFileListPaths = (
			);
			inputPaths = (
				"${PODS_PODFILE_DIR_PATH}/Podfile.lock",
				"${PODS_ROOT}/Manifest.lock",
			);
			name = "[CP] Check Pods Manifest.lock";
			outputFileListPaths = (
			);
			outputPaths = (
				"$(DERIVED_FILE_DIR)/Pods-Parstagram-ParstagramUITests-checkManifestLockResult.txt",
			);
			runOnlyForDeploymentPostprocessing = 0;
			shellPath = /bin/sh;
			shellScript = "diff \"${PODS_PODFILE_DIR_PATH}/Podfile.lock\" \"${PODS_ROOT}/Manifest.lock\" > /dev/null\nif [ $? != 0 ] ; then\n    # print error to STDERR\n    echo \"error: The sandbox is not in sync with the Podfile.lock. Run 'pod install' or update your CocoaPods installation.\" >&2\n    exit 1\nfi\n# This output is used by Xcode 'outputs' to avoid re-running this script phase.\necho \"SUCCESS\" > \"${SCRIPT_OUTPUT_FILE_0}\"\n";
			showEnvVarsInLog = 0;
		};
		B883350FFB07A9370D497D97 /* [CP] Embed Pods Frameworks */ = {
			isa = PBXShellScriptBuildPhase;
			buildActionMask = 2147483647;
			files = (
			);
			inputFileListPaths = (
				"${PODS_ROOT}/Target Support Files/Pods-Parstagram/Pods-Parstagram-frameworks-${CONFIGURATION}-input-files.xcfilelist",
			);
			name = "[CP] Embed Pods Frameworks";
			outputFileListPaths = (
				"${PODS_ROOT}/Target Support Files/Pods-Parstagram/Pods-Parstagram-frameworks-${CONFIGURATION}-output-files.xcfilelist",
			);
			runOnlyForDeploymentPostprocessing = 0;
			shellPath = /bin/sh;
			shellScript = "\"${PODS_ROOT}/Target Support Files/Pods-Parstagram/Pods-Parstagram-frameworks.sh\"\n";
			showEnvVarsInLog = 0;
		};
/* End PBXShellScriptBuildPhase section */

/* Begin PBXSourcesBuildPhase section */
		D6A97C2B25FBF2B200875C61 /* Sources */ = {
			isa = PBXSourcesBuildPhase;
			buildActionMask = 2147483647;
			files = (
				D6A97C7525FC4AB300875C61 /* LoginViewController.swift in Sources */,
				D6A97C7F25FC53D900875C61 /* CameraViewController.swift in Sources */,
				D6A97C3325FBF2B200875C61 /* AppDelegate.swift in Sources */,
				D6A97C7A25FC4ACD00875C61 /* FeedViewController.swift in Sources */,
				D6A97C3525FBF2B200875C61 /* SceneDelegate.swift in Sources */,
				D6A97C9825FC5F2700875C61 /* PostCell.swift in Sources */,
				D6BD792826056CA30038E548 /* CommentCell.swift in Sources */,
			);
			runOnlyForDeploymentPostprocessing = 0;
		};
		D6A97C4125FBF2B400875C61 /* Sources */ = {
			isa = PBXSourcesBuildPhase;
			buildActionMask = 2147483647;
			files = (
				D6A97C4A25FBF2B400875C61 /* ParstagramTests.swift in Sources */,
			);
			runOnlyForDeploymentPostprocessing = 0;
		};
		D6A97C4C25FBF2B400875C61 /* Sources */ = {
			isa = PBXSourcesBuildPhase;
			buildActionMask = 2147483647;
			files = (
				D6A97C5525FBF2B400875C61 /* ParstagramUITests.swift in Sources */,
			);
			runOnlyForDeploymentPostprocessing = 0;
		};
/* End PBXSourcesBuildPhase section */

/* Begin PBXTargetDependency section */
		D6A97C4725FBF2B400875C61 /* PBXTargetDependency */ = {
			isa = PBXTargetDependency;
			target = D6A97C2E25FBF2B200875C61 /* Parstagram */;
			targetProxy = D6A97C4625FBF2B400875C61 /* PBXContainerItemProxy */;
		};
		D6A97C5225FBF2B400875C61 /* PBXTargetDependency */ = {
			isa = PBXTargetDependency;
			target = D6A97C2E25FBF2B200875C61 /* Parstagram */;
			targetProxy = D6A97C5125FBF2B400875C61 /* PBXContainerItemProxy */;
		};
/* End PBXTargetDependency section */

/* Begin PBXVariantGroup section */
		D6A97C3825FBF2B200875C61 /* Main.storyboard */ = {
			isa = PBXVariantGroup;
			children = (
				D6A97C3925FBF2B200875C61 /* Base */,
			);
			name = Main.storyboard;
			sourceTree = "<group>";
		};
		D6A97C3D25FBF2B400875C61 /* LaunchScreen.storyboard */ = {
			isa = PBXVariantGroup;
			children = (
				D6A97C3E25FBF2B400875C61 /* Base */,
			);
			name = LaunchScreen.storyboard;
			sourceTree = "<group>";
		};
/* End PBXVariantGroup section */

/* Begin XCBuildConfiguration section */
		D6A97C5725FBF2B400875C61 /* Debug */ = {
			isa = XCBuildConfiguration;
			buildSettings = {
				ALWAYS_SEARCH_USER_PATHS = NO;
				CLANG_ANALYZER_NONNULL = YES;
				CLANG_ANALYZER_NUMBER_OBJECT_CONVERSION = YES_AGGRESSIVE;
				CLANG_CXX_LANGUAGE_STANDARD = "gnu++14";
				CLANG_CXX_LIBRARY = "libc++";
				CLANG_ENABLE_MODULES = YES;
				CLANG_ENABLE_OBJC_ARC = YES;
				CLANG_ENABLE_OBJC_WEAK = YES;
				CLANG_WARN_BLOCK_CAPTURE_AUTORELEASING = YES;
				CLANG_WARN_BOOL_CONVERSION = YES;
				CLANG_WARN_COMMA = YES;
				CLANG_WARN_CONSTANT_CONVERSION = YES;
				CLANG_WARN_DEPRECATED_OBJC_IMPLEMENTATIONS = YES;
				CLANG_WARN_DIRECT_OBJC_ISA_USAGE = YES_ERROR;
				CLANG_WARN_DOCUMENTATION_COMMENTS = YES;
				CLANG_WARN_EMPTY_BODY = YES;
				CLANG_WARN_ENUM_CONVERSION = YES;
				CLANG_WARN_INFINITE_RECURSION = YES;
				CLANG_WARN_INT_CONVERSION = YES;
				CLANG_WARN_NON_LITERAL_NULL_CONVERSION = YES;
				CLANG_WARN_OBJC_IMPLICIT_RETAIN_SELF = YES;
				CLANG_WARN_OBJC_LITERAL_CONVERSION = YES;
				CLANG_WARN_OBJC_ROOT_CLASS = YES_ERROR;
				CLANG_WARN_QUOTED_INCLUDE_IN_FRAMEWORK_HEADER = YES;
				CLANG_WARN_RANGE_LOOP_ANALYSIS = YES;
				CLANG_WARN_STRICT_PROTOTYPES = YES;
				CLANG_WARN_SUSPICIOUS_MOVE = YES;
				CLANG_WARN_UNGUARDED_AVAILABILITY = YES_AGGRESSIVE;
				CLANG_WARN_UNREACHABLE_CODE = YES;
				CLANG_WARN__DUPLICATE_METHOD_MATCH = YES;
				COPY_PHASE_STRIP = NO;
				DEBUG_INFORMATION_FORMAT = dwarf;
				ENABLE_STRICT_OBJC_MSGSEND = YES;
				ENABLE_TESTABILITY = YES;
				GCC_C_LANGUAGE_STANDARD = gnu11;
				GCC_DYNAMIC_NO_PIC = NO;
				GCC_NO_COMMON_BLOCKS = YES;
				GCC_OPTIMIZATION_LEVEL = 0;
				GCC_PREPROCESSOR_DEFINITIONS = (
					"DEBUG=1",
					"$(inherited)",
				);
				GCC_WARN_64_TO_32_BIT_CONVERSION = YES;
				GCC_WARN_ABOUT_RETURN_TYPE = YES_ERROR;
				GCC_WARN_UNDECLARED_SELECTOR = YES;
				GCC_WARN_UNINITIALIZED_AUTOS = YES_AGGRESSIVE;
				GCC_WARN_UNUSED_FUNCTION = YES;
				GCC_WARN_UNUSED_VARIABLE = YES;
				IPHONEOS_DEPLOYMENT_TARGET = 14.3;
				MTL_ENABLE_DEBUG_INFO = INCLUDE_SOURCE;
				MTL_FAST_MATH = YES;
				ONLY_ACTIVE_ARCH = YES;
				SDKROOT = iphoneos;
				SWIFT_ACTIVE_COMPILATION_CONDITIONS = DEBUG;
				SWIFT_OPTIMIZATION_LEVEL = "-Onone";
			};
			name = Debug;
		};
		D6A97C5825FBF2B400875C61 /* Release */ = {
			isa = XCBuildConfiguration;
			buildSettings = {
				ALWAYS_SEARCH_USER_PATHS = NO;
				CLANG_ANALYZER_NONNULL = YES;
				CLANG_ANALYZER_NUMBER_OBJECT_CONVERSION = YES_AGGRESSIVE;
				CLANG_CXX_LANGUAGE_STANDARD = "gnu++14";
				CLANG_CXX_LIBRARY = "libc++";
				CLANG_ENABLE_MODULES = YES;
				CLANG_ENABLE_OBJC_ARC = YES;
				CLANG_ENABLE_OBJC_WEAK = YES;
				CLANG_WARN_BLOCK_CAPTURE_AUTORELEASING = YES;
				CLANG_WARN_BOOL_CONVERSION = YES;
				CLANG_WARN_COMMA = YES;
				CLANG_WARN_CONSTANT_CONVERSION = YES;
				CLANG_WARN_DEPRECATED_OBJC_IMPLEMENTATIONS = YES;
				CLANG_WARN_DIRECT_OBJC_ISA_USAGE = YES_ERROR;
				CLANG_WARN_DOCUMENTATION_COMMENTS = YES;
				CLANG_WARN_EMPTY_BODY = YES;
				CLANG_WARN_ENUM_CONVERSION = YES;
				CLANG_WARN_INFINITE_RECURSION = YES;
				CLANG_WARN_INT_CONVERSION = YES;
				CLANG_WARN_NON_LITERAL_NULL_CONVERSION = YES;
				CLANG_WARN_OBJC_IMPLICIT_RETAIN_SELF = YES;
				CLANG_WARN_OBJC_LITERAL_CONVERSION = YES;
				CLANG_WARN_OBJC_ROOT_CLASS = YES_ERROR;
				CLANG_WARN_QUOTED_INCLUDE_IN_FRAMEWORK_HEADER = YES;
				CLANG_WARN_RANGE_LOOP_ANALYSIS = YES;
				CLANG_WARN_STRICT_PROTOTYPES = YES;
				CLANG_WARN_SUSPICIOUS_MOVE = YES;
				CLANG_WARN_UNGUARDED_AVAILABILITY = YES_AGGRESSIVE;
				CLANG_WARN_UNREACHABLE_CODE = YES;
				CLANG_WARN__DUPLICATE_METHOD_MATCH = YES;
				COPY_PHASE_STRIP = NO;
				DEBUG_INFORMATION_FORMAT = "dwarf-with-dsym";
				ENABLE_NS_ASSERTIONS = NO;
				ENABLE_STRICT_OBJC_MSGSEND = YES;
				GCC_C_LANGUAGE_STANDARD = gnu11;
				GCC_NO_COMMON_BLOCKS = YES;
				GCC_WARN_64_TO_32_BIT_CONVERSION = YES;
				GCC_WARN_ABOUT_RETURN_TYPE = YES_ERROR;
				GCC_WARN_UNDECLARED_SELECTOR = YES;
				GCC_WARN_UNINITIALIZED_AUTOS = YES_AGGRESSIVE;
				GCC_WARN_UNUSED_FUNCTION = YES;
				GCC_WARN_UNUSED_VARIABLE = YES;
				IPHONEOS_DEPLOYMENT_TARGET = 14.3;
				MTL_ENABLE_DEBUG_INFO = NO;
				MTL_FAST_MATH = YES;
				SDKROOT = iphoneos;
				SWIFT_COMPILATION_MODE = wholemodule;
				SWIFT_OPTIMIZATION_LEVEL = "-O";
				VALIDATE_PRODUCT = YES;
			};
			name = Release;
		};
		D6A97C5A25FBF2B400875C61 /* Debug */ = {
			isa = XCBuildConfiguration;
			baseConfigurationReference = 3438C8B42CE425A2207BFD6B /* Pods-Parstagram.debug.xcconfig */;
			buildSettings = {
				ASSETCATALOG_COMPILER_APPICON_NAME = AppIcon;
				ASSETCATALOG_COMPILER_GLOBAL_ACCENT_COLOR_NAME = AccentColor;
				CODE_SIGN_STYLE = Automatic;
				INFOPLIST_FILE = Parstagram/Info.plist;
				LD_RUNPATH_SEARCH_PATHS = (
					"$(inherited)",
					"@executable_path/Frameworks",
				);
				PRODUCT_BUNDLE_IDENTIFIER = klau.Parstagram;
				PRODUCT_NAME = "$(TARGET_NAME)";
				SWIFT_VERSION = 5.0;
				TARGETED_DEVICE_FAMILY = "1,2";
			};
			name = Debug;
		};
		D6A97C5B25FBF2B400875C61 /* Release */ = {
			isa = XCBuildConfiguration;
			baseConfigurationReference = E5BF1241209E9EACDB308EC3 /* Pods-Parstagram.release.xcconfig */;
			buildSettings = {
				ASSETCATALOG_COMPILER_APPICON_NAME = AppIcon;
				ASSETCATALOG_COMPILER_GLOBAL_ACCENT_COLOR_NAME = AccentColor;
				CODE_SIGN_STYLE = Automatic;
				INFOPLIST_FILE = Parstagram/Info.plist;
				LD_RUNPATH_SEARCH_PATHS = (
					"$(inherited)",
					"@executable_path/Frameworks",
				);
				PRODUCT_BUNDLE_IDENTIFIER = klau.Parstagram;
				PRODUCT_NAME = "$(TARGET_NAME)";
				SWIFT_VERSION = 5.0;
				TARGETED_DEVICE_FAMILY = "1,2";
			};
			name = Release;
		};
		D6A97C5D25FBF2B400875C61 /* Debug */ = {
			isa = XCBuildConfiguration;
			baseConfigurationReference = 5E9DDC8715EAE5E7B0587CF2 /* Pods-ParstagramTests.debug.xcconfig */;
			buildSettings = {
				ALWAYS_EMBED_SWIFT_STANDARD_LIBRARIES = YES;
				BUNDLE_LOADER = "$(TEST_HOST)";
				CODE_SIGN_STYLE = Automatic;
				INFOPLIST_FILE = ParstagramTests/Info.plist;
				IPHONEOS_DEPLOYMENT_TARGET = 14.3;
				LD_RUNPATH_SEARCH_PATHS = (
					"$(inherited)",
					"@executable_path/Frameworks",
					"@loader_path/Frameworks",
				);
				PRODUCT_BUNDLE_IDENTIFIER = klau.ParstagramTests;
				PRODUCT_NAME = "$(TARGET_NAME)";
				SWIFT_VERSION = 5.0;
				TARGETED_DEVICE_FAMILY = "1,2";
				TEST_HOST = "$(BUILT_PRODUCTS_DIR)/Parstagram.app/Parstagram";
			};
			name = Debug;
		};
		D6A97C5E25FBF2B400875C61 /* Release */ = {
			isa = XCBuildConfiguration;
			baseConfigurationReference = A666A49651C53C96588596FE /* Pods-ParstagramTests.release.xcconfig */;
			buildSettings = {
				ALWAYS_EMBED_SWIFT_STANDARD_LIBRARIES = YES;
				BUNDLE_LOADER = "$(TEST_HOST)";
				CODE_SIGN_STYLE = Automatic;
				INFOPLIST_FILE = ParstagramTests/Info.plist;
				IPHONEOS_DEPLOYMENT_TARGET = 14.3;
				LD_RUNPATH_SEARCH_PATHS = (
					"$(inherited)",
					"@executable_path/Frameworks",
					"@loader_path/Frameworks",
				);
				PRODUCT_BUNDLE_IDENTIFIER = klau.ParstagramTests;
				PRODUCT_NAME = "$(TARGET_NAME)";
				SWIFT_VERSION = 5.0;
				TARGETED_DEVICE_FAMILY = "1,2";
				TEST_HOST = "$(BUILT_PRODUCTS_DIR)/Parstagram.app/Parstagram";
			};
			name = Release;
		};
		D6A97C6025FBF2B400875C61 /* Debug */ = {
			isa = XCBuildConfiguration;
			baseConfigurationReference = 4AD37B60947203020986B746 /* Pods-Parstagram-ParstagramUITests.debug.xcconfig */;
			buildSettings = {
				ALWAYS_EMBED_SWIFT_STANDARD_LIBRARIES = YES;
				CODE_SIGN_STYLE = Automatic;
				INFOPLIST_FILE = ParstagramUITests/Info.plist;
				LD_RUNPATH_SEARCH_PATHS = (
					"$(inherited)",
					"@executable_path/Frameworks",
					"@loader_path/Frameworks",
				);
				PRODUCT_BUNDLE_IDENTIFIER = klau.ParstagramUITests;
				PRODUCT_NAME = "$(TARGET_NAME)";
				SWIFT_VERSION = 5.0;
				TARGETED_DEVICE_FAMILY = "1,2";
				TEST_TARGET_NAME = Parstagram;
			};
			name = Debug;
		};
		D6A97C6125FBF2B400875C61 /* Release */ = {
			isa = XCBuildConfiguration;
			baseConfigurationReference = 744833202E6B5F26AFADBD69 /* Pods-Parstagram-ParstagramUITests.release.xcconfig */;
			buildSettings = {
				ALWAYS_EMBED_SWIFT_STANDARD_LIBRARIES = YES;
				CODE_SIGN_STYLE = Automatic;
				INFOPLIST_FILE = ParstagramUITests/Info.plist;
				LD_RUNPATH_SEARCH_PATHS = (
					"$(inherited)",
					"@executable_path/Frameworks",
					"@loader_path/Frameworks",
				);
				PRODUCT_BUNDLE_IDENTIFIER = klau.ParstagramUITests;
				PRODUCT_NAME = "$(TARGET_NAME)";
				SWIFT_VERSION = 5.0;
				TARGETED_DEVICE_FAMILY = "1,2";
				TEST_TARGET_NAME = Parstagram;
			};
			name = Release;
		};
/* End XCBuildConfiguration section */

/* Begin XCConfigurationList section */
		D6A97C2A25FBF2B200875C61 /* Build configuration list for PBXProject "Parstagram" */ = {
			isa = XCConfigurationList;
			buildConfigurations = (
				D6A97C5725FBF2B400875C61 /* Debug */,
				D6A97C5825FBF2B400875C61 /* Release */,
			);
			defaultConfigurationIsVisible = 0;
			defaultConfigurationName = Release;
		};
		D6A97C5925FBF2B400875C61 /* Build configuration list for PBXNativeTarget "Parstagram" */ = {
			isa = XCConfigurationList;
			buildConfigurations = (
				D6A97C5A25FBF2B400875C61 /* Debug */,
				D6A97C5B25FBF2B400875C61 /* Release */,
			);
			defaultConfigurationIsVisible = 0;
			defaultConfigurationName = Release;
		};
		D6A97C5C25FBF2B400875C61 /* Build configuration list for PBXNativeTarget "ParstagramTests" */ = {
			isa = XCConfigurationList;
			buildConfigurations = (
				D6A97C5D25FBF2B400875C61 /* Debug */,
				D6A97C5E25FBF2B400875C61 /* Release */,
			);
			defaultConfigurationIsVisible = 0;
			defaultConfigurationName = Release;
		};
		D6A97C5F25FBF2B400875C61 /* Build configuration list for PBXNativeTarget "ParstagramUITests" */ = {
			isa = XCConfigurationList;
			buildConfigurations = (
				D6A97C6025FBF2B400875C61 /* Debug */,
				D6A97C6125FBF2B400875C61 /* Release */,
			);
			defaultConfigurationIsVisible = 0;
			defaultConfigurationName = Release;
		};
/* End XCConfigurationList section */
	};
	rootObject = D6A97C2725FBF2B200875C61 /* Project object */;
}
